
Microsoft Visual Studio Solution File, Format Version 11.00
# Visual Studio 2010
Project("{FAE04EC0-301F-11D3-BF4B-00C04F79EFBC}") = "Unity.Timeline", "Unity.Timeline.csproj", "{5ae7d277-267e-4833-8154-39fa396caa03}"
EndProject
Project("{FAE04EC0-301F-11D3-BF4B-00C04F79EFBC}") = "Unity.Timeline.Editor", "Unity.Timeline.Editor.csproj", "{58621b5e-07c2-cf66-32db-8f9be26f1cd0}"
EndProject
Project("{FAE04EC0-301F-11D3-BF4B-00C04F79EFBC}") = "Unity.TextMeshPro.Editor", "Unity.TextMeshPro.Editor.csproj", "{f2367760-0e6d-2f94-8774-0d6e8a52da54}"
EndProject
Project("{FAE04EC0-301F-11D3-BF4B-00C04F79EFBC}") = "Unity.InputSystem", "Unity.InputSystem.csproj", "{76696178-97e9-60be-8475-547cf80dc570}"
EndProject
Project("{FAE04EC0-301F-11D3-BF4B-00C04F79EFBC}") = "Unity.2D.Aseprite.Editor", "Unity.2D.Aseprite.Editor.csproj", "{1ac0d6a7-267a-c1ff-e26d-c79fbec5baa0}"
EndProject
Project("{FAE04EC0-301F-11D3-BF4B-00C04F79EFBC}") = "Unity.VisualScripting.Flow", "Unity.VisualScripting.Flow.csproj", "{44a48cb0-3f3b-c496-1fd3-b27ed17f7d4a}"
EndProject
Project("{FAE04EC0-301F-11D3-BF4B-00C04F79EFBC}") = "Unity.2D.Psdimporter.Editor", "Unity.2D.Psdimporter.Editor.csproj", "{68b3b948-67dd-6fcd-3d8e-6381bcd8c4a4}"
EndProject
Project("{FAE04EC0-301F-11D3-BF4B-00C04F79EFBC}") = "Assembly-CSharp", "Assembly-CSharp.csproj", "{fbfaf20a-608d-43d1-d64b-dae75b0006ec}"
EndProject
Project("{FAE04EC0-301F-11D3-BF4B-00C04F79EFBC}") = "Unity.VisualScripting.Core", "Unity.VisualScripting.Core.csproj", "{c6b9ac7a-12c3-a0a2-df4e-19b99232c87f}"
EndProject
Project("{FAE04EC0-301F-11D3-BF4B-00C04F79EFBC}") = "Unity.Mathematics", "Unity.Mathematics.csproj", "{9ff125fc-a4c7-d285-b4cf-4a1958bdde9d}"
EndProject
Project("{FAE04EC0-301F-11D3-BF4B-00C04F79EFBC}") = "Unity.2D.Animation.Editor", "Unity.2D.Animation.Editor.csproj", "{b0e4e47a-063b-7e36-b881-39df5574331e}"
EndProject
Project("{FAE04EC0-301F-11D3-BF4B-00C04F79EFBC}") = "Unity.2D.Common.Path.Editor", "Unity.2D.Common.Path.Editor.csproj", "{8e9ba01b-36c9-a7e2-00b2-1907ca771d91}"
EndProject
Project("{FAE04EC0-301F-11D3-BF4B-00C04F79EFBC}") = "Cinemachine", "Cinemachine.csproj", "{726c595f-d1ec-653c-8531-e045821a2337}"
EndProject
Project("{FAE04EC0-301F-11D3-BF4B-00C04F79EFBC}") = "Unity.VisualScripting.Core.Editor", "Unity.VisualScripting.Core.Editor.csproj", "{f20939a7-1fd4-61df-8943-0f6d370a6c24}"
EndProject
Project("{FAE04EC0-301F-11D3-BF4B-00C04F79EFBC}") = "Unity.2D.IK.Runtime", "Unity.2D.IK.Runtime.csproj", "{f6d628e2-fca0-ea2e-7796-270df3ac5ad8}"
EndProject
Project("{FAE04EC0-301F-11D3-BF4B-00C04F79EFBC}") = "Unity.VisualScripting.Flow.Editor", "Unity.VisualScripting.Flow.Editor.csproj", "{56b47f8b-06d3-e2fa-8666-afd681b65169}"
EndProject
Project("{FAE04EC0-301F-11D3-BF4B-00C04F79EFBC}") = "UnityEditor.TestRunner", "UnityEditor.TestRunner.csproj", "{9d900e39-e4ae-b792-1a96-80a40b1e98fe}"
EndProject
Project("{FAE04EC0-301F-11D3-BF4B-00C04F79EFBC}") = "Unity.VisualScripting.SettingsProvider.Editor", "Unity.VisualScripting.SettingsProvider.Editor.csproj", "{cd64500e-2ad1-10e6-e661-a0f40ccf0dcc}"
EndProject
Project("{FAE04EC0-301F-11D3-BF4B-00C04F79EFBC}") = "UnityEngine.TestRunner", "UnityEngine.TestRunner.csproj", "{4cad2e62-d377-ae59-4c7f-42bf37ebfb6e}"
EndProject
Project("{FAE04EC0-301F-11D3-BF4B-00C04F79EFBC}") = "AstarPathfindingProject", "AstarPathfindingProject.csproj", "{6516fa5e-524e-ffcf-4eb8-7e6e8d7dec0f}"
EndProject
Project("{FAE04EC0-301F-11D3-BF4B-00C04F79EFBC}") = "PsdPlugin", "PsdPlugin.csproj", "{23c9a185-7d30-83e4-94c9-bacf57ad6f1f}"
EndProject
Project("{FAE04EC0-301F-11D3-BF4B-00C04F79EFBC}") = "Unity.Burst", "Unity.Burst.csproj", "{17c87bc9-418e-f763-f6a1-8b73e825d7d3}"
EndProject
Project("{FAE04EC0-301F-11D3-BF4B-00C04F79EFBC}") = "AstarPathfindingProjectEditor", "AstarPathfindingProjectEditor.csproj", "{390b9084-d355-d604-f667-2b2f813ca513}"
EndProject
Project("{FAE04EC0-301F-11D3-BF4B-00C04F79EFBC}") = "Unity.2D.SpriteShape.Editor", "Unity.2D.SpriteShape.Editor.csproj", "{6ea82a8b-08b8-643b-f900-a3d09adff7e9}"
EndProject
Project("{FAE04EC0-301F-11D3-BF4B-00C04F79EFBC}") = "Unity.Collections", "Unity.Collections.csproj", "{4caf4462-2934-a570-7a08-390cfec0dcf4}"
EndProject
Project("{FAE04EC0-301F-11D3-BF4B-00C04F79EFBC}") = "Unity.VisualStudio.Editor", "Unity.VisualStudio.Editor.csproj", "{9c21d854-9ab2-887c-167f-5c8264e78007}"
EndProject
Project("{FAE04EC0-301F-11D3-BF4B-00C04F79EFBC}") = "com.unity.cinemachine.editor", "com.unity.cinemachine.editor.csproj", "{36e992b6-1085-723d-6912-10c3e87e872d}"
EndProject
Project("{FAE04EC0-301F-11D3-BF4B-00C04F79EFBC}") = "Unity.2D.Tilemap.Extras.Editor", "Unity.2D.Tilemap.Extras.Editor.csproj", "{2354426c-74d8-29b0-91e8-000e6a1970f7}"
EndProject
Project("{FAE04EC0-301F-11D3-BF4B-00C04F79EFBC}") = "Unity.Rider.Editor", "Unity.Rider.Editor.csproj", "{710b7e8d-3e54-8abd-3705-f1c331be9ae0}"
EndProject
Project("{FAE04EC0-301F-11D3-BF4B-00C04F79EFBC}") = "Unity.Postprocessing.Runtime", "Unity.Postprocessing.Runtime.csproj", "{ea6936d5-021a-8ce2-c545-bfc678bf4d41}"
EndProject
Project("{FAE04EC0-301F-11D3-BF4B-00C04F79EFBC}") = "Unity.InternalAPIEditorBridge.001", "Unity.InternalAPIEditorBridge.001.csproj", "{0a7810f6-1c29-a761-71e9-da797e3c990f}"
EndProject
Project("{FAE04EC0-301F-11D3-BF4B-00C04F79EFBC}") = "Unity.2D.SpriteShape.Runtime", "Unity.2D.SpriteShape.Runtime.csproj", "{51126fe1-be8a-5a04-7ca5-089b6ab221f5}"
EndProject
Project("{FAE04EC0-301F-11D3-BF4B-00C04F79EFBC}") = "Unity.VisualScripting.State.Editor", "Unity.VisualScripting.State.Editor.csproj", "{fd071b45-76d7-f10c-5e60-96ff08f8c0e0}"
EndProject
Project("{FAE04EC0-301F-11D3-BF4B-00C04F79EFBC}") = "Unity.2D.Animation.Runtime", "Unity.2D.Animation.Runtime.csproj", "{4433f46e-3a88-55bb-b163-1f6d4ac09e2e}"
EndProject
Project("{FAE04EC0-301F-11D3-BF4B-00C04F79EFBC}") = "Unity.Burst.CodeGen", "Unity.Burst.CodeGen.csproj", "{206e4f8b-bdd7-a772-71c3-70aa3c9c15e9}"
EndProject
Project("{FAE04EC0-301F-11D3-BF4B-00C04F79EFBC}") = "Unity.Postprocessing.Editor", "Unity.Postprocessing.Editor.csproj", "{d6011337-74d0-c201-672a-7fa999cc6649}"
EndProject
Project("{FAE04EC0-301F-11D3-BF4B-00C04F79EFBC}") = "Unity.2D.Tilemap.Extras", "Unity.2D.Tilemap.Extras.csproj", "{9e266b14-b0a1-1fde-2572-8f7794b0f178}"
EndProject
Project("{FAE04EC0-301F-11D3-BF4B-00C04F79EFBC}") = "Unity.VisualScripting.State", "Unity.VisualScripting.State.csproj", "{4eeece08-22aa-775e-ae9c-00a2f3e8e092}"
EndProject
Project("{FAE04EC0-301F-11D3-BF4B-00C04F79EFBC}") = "Unity.TextMeshPro", "Unity.TextMeshPro.csproj", "{9793ecb9-61a9-ed95-6e1a-d74691f5479c}"
EndProject
Project("{FAE04EC0-301F-11D3-BF4B-00C04F79EFBC}") = "Unity.InputSystem.TestFramework", "Unity.InputSystem.TestFramework.csproj", "{80944568-02dc-bc8c-192a-069f1310f9e4}"
EndProject
Project("{FAE04EC0-301F-11D3-BF4B-00C04F79EFBC}") = "Unity.2D.Aseprite.Common", "Unity.2D.Aseprite.Common.csproj", "{773ca530-857d-a6cf-7410-4a0ff1e4e749}"
EndProject
Project("{FAE04EC0-301F-11D3-BF4B-00C04F79EFBC}") = "Unity.2D.IK.Editor", "Unity.2D.IK.Editor.csproj", "{06b7fcca-6500-454d-64f4-9f74f9970dce}"
EndProject
Project("{FAE04EC0-301F-11D3-BF4B-00C04F79EFBC}") = "Unity.InternalAPIEngineBridge.001", "Unity.InternalAPIEngineBridge.001.csproj", "{ba617d37-4bae-9cce-d71c-89c7cdca3a10}"
EndProject
Project("{FAE04EC0-301F-11D3-BF4B-00C04F79EFBC}") = "Unity.Burst.Editor", "Unity.Burst.Editor.csproj", "{2cf369ca-c609-aa1a-fcbf-ba2c8cda6150}"
EndProject
Project("{FAE04EC0-301F-11D3-BF4B-00C04F79EFBC}") = "Unity.2D.Common.Editor", "Unity.2D.Common.Editor.csproj", "{ba24e8cf-1d76-07f1-c7d9-cdba9b6a5682}"
EndProject
Project("{FAE04EC0-301F-11D3-BF4B-00C04F79EFBC}") = "PackageToolsEditor", "PackageToolsEditor.csproj", "{162a3679-85c2-49d3-2ae9-ce53acd4339f}"
EndProject
Project("{FAE04EC0-301F-11D3-BF4B-00C04F79EFBC}") = "Unity.2D.PixelPerfect", "Unity.2D.PixelPerfect.csproj", "{23ea699b-69fc-9afc-2b04-172b90fd5a6b}"
EndProject
Project("{FAE04EC0-301F-11D3-BF4B-00C04F79EFBC}") = "Unity.2D.PixelPerfect.Editor", "Unity.2D.PixelPerfect.Editor.csproj", "{3efd4108-1928-4d57-4a38-5dece3e8d900}"
EndProject
Project("{FAE04EC0-301F-11D3-BF4B-00C04F79EFBC}") = "Unity.2D.Common.Runtime", "Unity.2D.Common.Runtime.csproj", "{d258ff20-9285-e50f-4cbb-548af43b6c4c}"
EndProject
Project("{FAE04EC0-301F-11D3-BF4B-00C04F79EFBC}") = "Unity.InputSystem.ForUI", "Unity.InputSystem.ForUI.csproj", "{d86984c0-79b6-7441-2ba3-79c4824134e3}"
EndProject
Project("{FAE04EC0-301F-11D3-BF4B-00C04F79EFBC}") = "Unity.Mathematics.Editor", "Unity.Mathematics.Editor.csproj", "{b16c538f-6d76-6236-edaf-4269d4c8fc87}"
EndProject
Project("{FAE04EC0-301F-11D3-BF4B-00C04F79EFBC}") = "Unity.Collections.BurstCompatibilityGen", "Unity.Collections.BurstCompatibilityGen.csproj", "{79e4d4a1-2ddf-ae3b-a5fb-b1006f650cb1}"
EndProject
Project("{FAE04EC0-301F-11D3-BF4B-00C04F79EFBC}") = "Unity.VisualScripting.Shared.Editor", "Unity.VisualScripting.Shared.Editor.csproj", "{8f8b733f-3ba1-eff2-554d-c4fde1890671}"
EndProject
Project("{FAE04EC0-301F-11D3-BF4B-00C04F79EFBC}") = "Unity.Collections.DocCodeSamples", "Unity.Collections.DocCodeSamples.csproj", "{072b9313-1d05-7121-a7c3-5dc6a56998e9}"
EndProject
Project("{FAE04EC0-301F-11D3-BF4B-00C04F79EFBC}") = "Unity.Mathematics.Tests", "Unity.Mathematics.Tests.csproj", "{bc0aa40d-e575-a7ce-b808-ab4abe7d53eb}"
EndProject
Project("{FAE04EC0-301F-11D3-BF4B-00C04F79EFBC}") = "Unity.2D.Aseprite.EditorTests", "Unity.2D.Aseprite.EditorTests.csproj", "{eccad0c7-1c25-3932-d49d-08fd9690890b}"
EndProject
Project("{FAE04EC0-301F-11D3-BF4B-00C04F79EFBC}") = "Unity.2D.PixelPerfect.EditorTests", "Unity.2D.PixelPerfect.EditorTests.csproj", "{8ff7ea07-b497-17e4-2e91-40ebc5cd3ca4}"
EndProject
Project("{FAE04EC0-301F-11D3-BF4B-00C04F79EFBC}") = "Unity.2D.SpriteShape.EditorTests", "Unity.2D.SpriteShape.EditorTests.csproj", "{273e678b-c7ef-62f3-bf2b-a68e05b0ab55}"
EndProject
Project("{FAE04EC0-301F-11D3-BF4B-00C04F79EFBC}") = "Unity.2D.Common.EditorTests", "Unity.2D.Common.EditorTests.csproj", "{91563acb-00fc-4e9a-8788-974ed6942419}"
EndProject
Project("{FAE04EC0-301F-11D3-BF4B-00C04F79EFBC}") = "Unity.Postprocessing.Runtime.Tests", "Unity.Postprocessing.Runtime.Tests.csproj", "{a1dd0685-e9b0-6d74-1368-317c6b71f9f3}"
EndProject
Project("{FAE04EC0-301F-11D3-BF4B-00C04F79EFBC}") = "Unity.TextMeshPro.Editor.Tests", "Unity.TextMeshPro.Editor.Tests.csproj", "{b418a414-5b89-96a2-607a-6318ba8ffae3}"
EndProject
Project("{FAE04EC0-301F-11D3-BF4B-00C04F79EFBC}") = "DocCodeExamples", "DocCodeExamples.csproj", "{1356202a-beff-3791-1342-fbaef98fc895}"
EndProject
Project("{FAE04EC0-301F-11D3-BF4B-00C04F79EFBC}") = "Cinemachine.Editor.Tests", "Cinemachine.Editor.Tests.csproj", "{9acb7d09-99ae-be54-847e-1ef887740027}"
EndProject
Project("{FAE04EC0-301F-11D3-BF4B-00C04F79EFBC}") = "Unity.Collections.Tests", "Unity.Collections.Tests.csproj", "{97c278e6-84f4-e9ba-6c7c-fca0755f7a52}"
EndProject
Project("{FAE04EC0-301F-11D3-BF4B-00C04F79EFBC}") = "Unity.2D.Psdimporter.EditorTests", "Unity.2D.Psdimporter.EditorTests.csproj", "{49fa3573-24bd-017a-d88d-cfcb102f19c9}"
EndProject
Project("{FAE04EC0-301F-11D3-BF4B-00C04F79EFBC}") = "Unity.InputSystem.IntegrationTests", "Unity.InputSystem.IntegrationTests.csproj", "{df2c3bfa-929c-1daf-d534-73fcee5ed0b1}"
EndProject
Project("{FAE04EC0-301F-11D3-BF4B-00C04F79EFBC}") = "Unity.Collections.Tests.Playmode", "Unity.Collections.Tests.Playmode.csproj", "{2e818987-b4f4-67c7-f75a-fabd7690a9b9}"
EndProject
Project("{FAE04EC0-301F-11D3-BF4B-00C04F79EFBC}") = "Unity.2D.Animation.EditorTests", "Unity.2D.Animation.EditorTests.csproj", "{70de90a1-d12f-0c49-a809-6fd2d8571870}"
EndProject
Project("{FAE04EC0-301F-11D3-BF4B-00C04F79EFBC}") = "Assembly-CSharp-Editor", "Assembly-CSharp-Editor.csproj", "{d2590fe9-ca6f-7b11-bb5b-58ba2c642037}"
EndProject
Project("{FAE04EC0-301F-11D3-BF4B-00C04F79EFBC}") = "Cinemachine.Runtime.Tests", "Cinemachine.Runtime.Tests.csproj", "{8cada1b5-ea2d-3358-bf83-f6dcb4ce4418}"
EndProject
Project("{FAE04EC0-301F-11D3-BF4B-00C04F79EFBC}") = "Unity.TextMeshPro.Tests", "Unity.TextMeshPro.Tests.csproj", "{af677ca9-30dd-be43-6d57-4a2ce8e19657}"
EndProject
Project("{FAE04EC0-301F-11D3-BF4B-00C04F79EFBC}") = "Unity.Postprocessing.Editor.Tests", "Unity.Postprocessing.Editor.Tests.csproj", "{68157096-ca92-f650-5f25-9c4be533f619}"
EndProject
Project("{FAE04EC0-301F-11D3-BF4B-00C04F79EFBC}") = "Unity.2D.Tilemap.Extras.Placeholder.EditorTests", "Unity.2D.Tilemap.Extras.Placeholder.EditorTests.csproj", "{06b14fee-83d6-2057-40c6-93504e0d1762}"
EndProject
Global
	GlobalSection(SolutionConfigurationPlatforms) = preSolution
		Debug|Any CPU = Debug|Any CPU
	EndGlobalSection
	GlobalSection(ProjectConfigurationPlatforms) = postSolution
		{5ae7d277-267e-4833-8154-39fa396caa03}.Debug|Any CPU.ActiveCfg = Debug|Any CPU
		{5ae7d277-267e-4833-8154-39fa396caa03}.Debug|Any CPU.Build.0 = Debug|Any CPU
		{58621b5e-07c2-cf66-32db-8f9be26f1cd0}.Debug|Any CPU.ActiveCfg = Debug|Any CPU
		{58621b5e-07c2-cf66-32db-8f9be26f1cd0}.Debug|Any CPU.Build.0 = Debug|Any CPU
		{f2367760-0e6d-2f94-8774-0d6e8a52da54}.Debug|Any CPU.ActiveCfg = Debug|Any CPU
		{f2367760-0e6d-2f94-8774-0d6e8a52da54}.Debug|Any CPU.Build.0 = Debug|Any CPU
		{76696178-97e9-60be-8475-547cf80dc570}.Debug|Any CPU.ActiveCfg = Debug|Any CPU
		{76696178-97e9-60be-8475-547cf80dc570}.Debug|Any CPU.Build.0 = Debug|Any CPU
		{1ac0d6a7-267a-c1ff-e26d-c79fbec5baa0}.Debug|Any CPU.ActiveCfg = Debug|Any CPU
		{1ac0d6a7-267a-c1ff-e26d-c79fbec5baa0}.Debug|Any CPU.Build.0 = Debug|Any CPU
		{44a48cb0-3f3b-c496-1fd3-b27ed17f7d4a}.Debug|Any CPU.ActiveCfg = Debug|Any CPU
		{44a48cb0-3f3b-c496-1fd3-b27ed17f7d4a}.Debug|Any CPU.Build.0 = Debug|Any CPU
		{68b3b948-67dd-6fcd-3d8e-6381bcd8c4a4}.Debug|Any CPU.ActiveCfg = Debug|Any CPU
		{68b3b948-67dd-6fcd-3d8e-6381bcd8c4a4}.Debug|Any CPU.Build.0 = Debug|Any CPU
		{fbfaf20a-608d-43d1-d64b-dae75b0006ec}.Debug|Any CPU.ActiveCfg = Debug|Any CPU
		{fbfaf20a-608d-43d1-d64b-dae75b0006ec}.Debug|Any CPU.Build.0 = Debug|Any CPU
		{c6b9ac7a-12c3-a0a2-df4e-19b99232c87f}.Debug|Any CPU.ActiveCfg = Debug|Any CPU
		{c6b9ac7a-12c3-a0a2-df4e-19b99232c87f}.Debug|Any CPU.Build.0 = Debug|Any CPU
		{9ff125fc-a4c7-d285-b4cf-4a1958bdde9d}.Debug|Any CPU.ActiveCfg = Debug|Any CPU
		{9ff125fc-a4c7-d285-b4cf-4a1958bdde9d}.Debug|Any CPU.Build.0 = Debug|Any CPU
		{b0e4e47a-063b-7e36-b881-39df5574331e}.Debug|Any CPU.ActiveCfg = Debug|Any CPU
		{b0e4e47a-063b-7e36-b881-39df5574331e}.Debug|Any CPU.Build.0 = Debug|Any CPU
		{8e9ba01b-36c9-a7e2-00b2-1907ca771d91}.Debug|Any CPU.ActiveCfg = Debug|Any CPU
		{8e9ba01b-36c9-a7e2-00b2-1907ca771d91}.Debug|Any CPU.Build.0 = Debug|Any CPU
		{726c595f-d1ec-653c-8531-e045821a2337}.Debug|Any CPU.ActiveCfg = Debug|Any CPU
		{726c595f-d1ec-653c-8531-e045821a2337}.Debug|Any CPU.Build.0 = Debug|Any CPU
		{f20939a7-1fd4-61df-8943-0f6d370a6c24}.Debug|Any CPU.ActiveCfg = Debug|Any CPU
		{f20939a7-1fd4-61df-8943-0f6d370a6c24}.Debug|Any CPU.Build.0 = Debug|Any CPU
		{f6d628e2-fca0-ea2e-7796-270df3ac5ad8}.Debug|Any CPU.ActiveCfg = Debug|Any CPU
		{f6d628e2-fca0-ea2e-7796-270df3ac5ad8}.Debug|Any CPU.Build.0 = Debug|Any CPU
		{56b47f8b-06d3-e2fa-8666-afd681b65169}.Debug|Any CPU.ActiveCfg = Debug|Any CPU
		{56b47f8b-06d3-e2fa-8666-afd681b65169}.Debug|Any CPU.Build.0 = Debug|Any CPU
		{9d900e39-e4ae-b792-1a96-80a40b1e98fe}.Debug|Any CPU.ActiveCfg = Debug|Any CPU
		{9d900e39-e4ae-b792-1a96-80a40b1e98fe}.Debug|Any CPU.Build.0 = Debug|Any CPU
		{cd64500e-2ad1-10e6-e661-a0f40ccf0dcc}.Debug|Any CPU.ActiveCfg = Debug|Any CPU
		{cd64500e-2ad1-10e6-e661-a0f40ccf0dcc}.Debug|Any CPU.Build.0 = Debug|Any CPU
		{4cad2e62-d377-ae59-4c7f-42bf37ebfb6e}.Debug|Any CPU.ActiveCfg = Debug|Any CPU
		{4cad2e62-d377-ae59-4c7f-42bf37ebfb6e}.Debug|Any CPU.Build.0 = Debug|Any CPU
		{6516fa5e-524e-ffcf-4eb8-7e6e8d7dec0f}.Debug|Any CPU.ActiveCfg = Debug|Any CPU
		{6516fa5e-524e-ffcf-4eb8-7e6e8d7dec0f}.Debug|Any CPU.Build.0 = Debug|Any CPU
		{23c9a185-7d30-83e4-94c9-bacf57ad6f1f}.Debug|Any CPU.ActiveCfg = Debug|Any CPU
		{23c9a185-7d30-83e4-94c9-bacf57ad6f1f}.Debug|Any CPU.Build.0 = Debug|Any CPU
		{17c87bc9-418e-f763-f6a1-8b73e825d7d3}.Debug|Any CPU.ActiveCfg = Debug|Any CPU
		{17c87bc9-418e-f763-f6a1-8b73e825d7d3}.Debug|Any CPU.Build.0 = Debug|Any CPU
		{390b9084-d355-d604-f667-2b2f813ca513}.Debug|Any CPU.ActiveCfg = Debug|Any CPU
		{390b9084-d355-d604-f667-2b2f813ca513}.Debug|Any CPU.Build.0 = Debug|Any CPU
		{6ea82a8b-08b8-643b-f900-a3d09adff7e9}.Debug|Any CPU.ActiveCfg = Debug|Any CPU
		{6ea82a8b-08b8-643b-f900-a3d09adff7e9}.Debug|Any CPU.Build.0 = Debug|Any CPU
		{4caf4462-2934-a570-7a08-390cfec0dcf4}.Debug|Any CPU.ActiveCfg = Debug|Any CPU
		{4caf4462-2934-a570-7a08-390cfec0dcf4}.Debug|Any CPU.Build.0 = Debug|Any CPU
		{9c21d854-9ab2-887c-167f-5c8264e78007}.Debug|Any CPU.ActiveCfg = Debug|Any CPU
		{9c21d854-9ab2-887c-167f-5c8264e78007}.Debug|Any CPU.Build.0 = Debug|Any CPU
		{36e992b6-1085-723d-6912-10c3e87e872d}.Debug|Any CPU.ActiveCfg = Debug|Any CPU
		{36e992b6-1085-723d-6912-10c3e87e872d}.Debug|Any CPU.Build.0 = Debug|Any CPU
		{2354426c-74d8-29b0-91e8-000e6a1970f7}.Debug|Any CPU.ActiveCfg = Debug|Any CPU
		{2354426c-74d8-29b0-91e8-000e6a1970f7}.Debug|Any CPU.Build.0 = Debug|Any CPU
		{710b7e8d-3e54-8abd-3705-f1c331be9ae0}.Debug|Any CPU.ActiveCfg = Debug|Any CPU
		{710b7e8d-3e54-8abd-3705-f1c331be9ae0}.Debug|Any CPU.Build.0 = Debug|Any CPU
		{ea6936d5-021a-8ce2-c545-bfc678bf4d41}.Debug|Any CPU.ActiveCfg = Debug|Any CPU
		{ea6936d5-021a-8ce2-c545-bfc678bf4d41}.Debug|Any CPU.Build.0 = Debug|Any CPU
		{0a7810f6-1c29-a761-71e9-da797e3c990f}.Debug|Any CPU.ActiveCfg = Debug|Any CPU
		{0a7810f6-1c29-a761-71e9-da797e3c990f}.Debug|Any CPU.Build.0 = Debug|Any CPU
		{51126fe1-be8a-5a04-7ca5-089b6ab221f5}.Debug|Any CPU.ActiveCfg = Debug|Any CPU
		{51126fe1-be8a-5a04-7ca5-089b6ab221f5}.Debug|Any CPU.Build.0 = Debug|Any CPU
		{fd071b45-76d7-f10c-5e60-96ff08f8c0e0}.Debug|Any CPU.ActiveCfg = Debug|Any CPU
		{fd071b45-76d7-f10c-5e60-96ff08f8c0e0}.Debug|Any CPU.Build.0 = Debug|Any CPU
		{4433f46e-3a88-55bb-b163-1f6d4ac09e2e}.Debug|Any CPU.ActiveCfg = Debug|Any CPU
		{4433f46e-3a88-55bb-b163-1f6d4ac09e2e}.Debug|Any CPU.Build.0 = Debug|Any CPU
		{206e4f8b-bdd7-a772-71c3-70aa3c9c15e9}.Debug|Any CPU.ActiveCfg = Debug|Any CPU
		{206e4f8b-bdd7-a772-71c3-70aa3c9c15e9}.Debug|Any CPU.Build.0 = Debug|Any CPU
		{d6011337-74d0-c201-672a-7fa999cc6649}.Debug|Any CPU.ActiveCfg = Debug|Any CPU
		{d6011337-74d0-c201-672a-7fa999cc6649}.Debug|Any CPU.Build.0 = Debug|Any CPU
		{9e266b14-b0a1-1fde-2572-8f7794b0f178}.Debug|Any CPU.ActiveCfg = Debug|Any CPU
		{9e266b14-b0a1-1fde-2572-8f7794b0f178}.Debug|Any CPU.Build.0 = Debug|Any CPU
		{4eeece08-22aa-775e-ae9c-00a2f3e8e092}.Debug|Any CPU.ActiveCfg = Debug|Any CPU
		{4eeece08-22aa-775e-ae9c-00a2f3e8e092}.Debug|Any CPU.Build.0 = Debug|Any CPU
		{9793ecb9-61a9-ed95-6e1a-d74691f5479c}.Debug|Any CPU.ActiveCfg = Debug|Any CPU
		{9793ecb9-61a9-ed95-6e1a-d74691f5479c}.Debug|Any CPU.Build.0 = Debug|Any CPU
		{80944568-02dc-bc8c-192a-069f1310f9e4}.Debug|Any CPU.ActiveCfg = Debug|Any CPU
		{80944568-02dc-bc8c-192a-069f1310f9e4}.Debug|Any CPU.Build.0 = Debug|Any CPU
		{773ca530-857d-a6cf-7410-4a0ff1e4e749}.Debug|Any CPU.ActiveCfg = Debug|Any CPU
		{773ca530-857d-a6cf-7410-4a0ff1e4e749}.Debug|Any CPU.Build.0 = Debug|Any CPU
		{06b7fcca-6500-454d-64f4-9f74f9970dce}.Debug|Any CPU.ActiveCfg = Debug|Any CPU
		{06b7fcca-6500-454d-64f4-9f74f9970dce}.Debug|Any CPU.Build.0 = Debug|Any CPU
		{ba617d37-4bae-9cce-d71c-89c7cdca3a10}.Debug|Any CPU.ActiveCfg = Debug|Any CPU
		{ba617d37-4bae-9cce-d71c-89c7cdca3a10}.Debug|Any CPU.Build.0 = Debug|Any CPU
		{2cf369ca-c609-aa1a-fcbf-ba2c8cda6150}.Debug|Any CPU.ActiveCfg = Debug|Any CPU
		{2cf369ca-c609-aa1a-fcbf-ba2c8cda6150}.Debug|Any CPU.Build.0 = Debug|Any CPU
		{ba24e8cf-1d76-07f1-c7d9-cdba9b6a5682}.Debug|Any CPU.ActiveCfg = Debug|Any CPU
		{ba24e8cf-1d76-07f1-c7d9-cdba9b6a5682}.Debug|Any CPU.Build.0 = Debug|Any CPU
		{162a3679-85c2-49d3-2ae9-ce53acd4339f}.Debug|Any CPU.ActiveCfg = Debug|Any CPU
		{162a3679-85c2-49d3-2ae9-ce53acd4339f}.Debug|Any CPU.Build.0 = Debug|Any CPU
		{23ea699b-69fc-9afc-2b04-172b90fd5a6b}.Debug|Any CPU.ActiveCfg = Debug|Any CPU
		{23ea699b-69fc-9afc-2b04-172b90fd5a6b}.Debug|Any CPU.Build.0 = Debug|Any CPU
		{3efd4108-1928-4d57-4a38-5dece3e8d900}.Debug|Any CPU.ActiveCfg = Debug|Any CPU
		{3efd4108-1928-4d57-4a38-5dece3e8d900}.Debug|Any CPU.Build.0 = Debug|Any CPU
		{d258ff20-9285-e50f-4cbb-548af43b6c4c}.Debug|Any CPU.ActiveCfg = Debug|Any CPU
		{d258ff20-9285-e50f-4cbb-548af43b6c4c}.Debug|Any CPU.Build.0 = Debug|Any CPU
		{d86984c0-79b6-7441-2ba3-79c4824134e3}.Debug|Any CPU.ActiveCfg = Debug|Any CPU
		{d86984c0-79b6-7441-2ba3-79c4824134e3}.Debug|Any CPU.Build.0 = Debug|Any CPU
		{b16c538f-6d76-6236-edaf-4269d4c8fc87}.Debug|Any CPU.ActiveCfg = Debug|Any CPU
		{b16c538f-6d76-6236-edaf-4269d4c8fc87}.Debug|Any CPU.Build.0 = Debug|Any CPU
		{79e4d4a1-2ddf-ae3b-a5fb-b1006f650cb1}.Debug|Any CPU.ActiveCfg = Debug|Any CPU
		{79e4d4a1-2ddf-ae3b-a5fb-b1006f650cb1}.Debug|Any CPU.Build.0 = Debug|Any CPU
		{8f8b733f-3ba1-eff2-554d-c4fde1890671}.Debug|Any CPU.ActiveCfg = Debug|Any CPU
		{8f8b733f-3ba1-eff2-554d-c4fde1890671}.Debug|Any CPU.Build.0 = Debug|Any CPU
		{072b9313-1d05-7121-a7c3-5dc6a56998e9}.Debug|Any CPU.ActiveCfg = Debug|Any CPU
		{072b9313-1d05-7121-a7c3-5dc6a56998e9}.Debug|Any CPU.Build.0 = Debug|Any CPU
		{bc0aa40d-e575-a7ce-b808-ab4abe7d53eb}.Debug|Any CPU.ActiveCfg = Debug|Any CPU
		{bc0aa40d-e575-a7ce-b808-ab4abe7d53eb}.Debug|Any CPU.Build.0 = Debug|Any CPU
		{eccad0c7-1c25-3932-d49d-08fd9690890b}.Debug|Any CPU.ActiveCfg = Debug|Any CPU
		{eccad0c7-1c25-3932-d49d-08fd9690890b}.Debug|Any CPU.Build.0 = Debug|Any CPU
		{8ff7ea07-b497-17e4-2e91-40ebc5cd3ca4}.Debug|Any CPU.ActiveCfg = Debug|Any CPU
		{8ff7ea07-b497-17e4-2e91-40ebc5cd3ca4}.Debug|Any CPU.Build.0 = Debug|Any CPU
		{273e678b-c7ef-62f3-bf2b-a68e05b0ab55}.Debug|Any CPU.ActiveCfg = Debug|Any CPU
		{273e678b-c7ef-62f3-bf2b-a68e05b0ab55}.Debug|Any CPU.Build.0 = Debug|Any CPU
		{91563acb-00fc-4e9a-8788-974ed6942419}.Debug|Any CPU.ActiveCfg = Debug|Any CPU
		{91563acb-00fc-4e9a-8788-974ed6942419}.Debug|Any CPU.Build.0 = Debug|Any CPU
		{a1dd0685-e9b0-6d74-1368-317c6b71f9f3}.Debug|Any CPU.ActiveCfg = Debug|Any CPU
		{a1dd0685-e9b0-6d74-1368-317c6b71f9f3}.Debug|Any CPU.Build.0 = Debug|Any CPU
		{b418a414-5b89-96a2-607a-6318ba8ffae3}.Debug|Any CPU.ActiveCfg = Debug|Any CPU
		{b418a414-5b89-96a2-607a-6318ba8ffae3}.Debug|Any CPU.Build.0 = Debug|Any CPU
		{1356202a-beff-3791-1342-fbaef98fc895}.Debug|Any CPU.ActiveCfg = Debug|Any CPU
		{1356202a-beff-3791-1342-fbaef98fc895}.Debug|Any CPU.Build.0 = Debug|Any CPU
		{9acb7d09-99ae-be54-847e-1ef887740027}.Debug|Any CPU.ActiveCfg = Debug|Any CPU
		{9acb7d09-99ae-be54-847e-1ef887740027}.Debug|Any CPU.Build.0 = Debug|Any CPU
		{97c278e6-84f4-e9ba-6c7c-fca0755f7a52}.Debug|Any CPU.ActiveCfg = Debug|Any CPU
		{97c278e6-84f4-e9ba-6c7c-fca0755f7a52}.Debug|Any CPU.Build.0 = Debug|Any CPU
		{49fa3573-24bd-017a-d88d-cfcb102f19c9}.Debug|Any CPU.ActiveCfg = Debug|Any CPU
		{49fa3573-24bd-017a-d88d-cfcb102f19c9}.Debug|Any CPU.Build.0 = Debug|Any CPU
		{df2c3bfa-929c-1daf-d534-73fcee5ed0b1}.Debug|Any CPU.ActiveCfg = Debug|Any CPU
		{df2c3bfa-929c-1daf-d534-73fcee5ed0b1}.Debug|Any CPU.Build.0 = Debug|Any CPU
		{2e818987-b4f4-67c7-f75a-fabd7690a9b9}.Debug|Any CPU.ActiveCfg = Debug|Any CPU
		{2e818987-b4f4-67c7-f75a-fabd7690a9b9}.Debug|Any CPU.Build.0 = Debug|Any CPU
		{70de90a1-d12f-0c49-a809-6fd2d8571870}.Debug|Any CPU.ActiveCfg = Debug|Any CPU
		{70de90a1-d12f-0c49-a809-6fd2d8571870}.Debug|Any CPU.Build.0 = Debug|Any CPU
		{d2590fe9-ca6f-7b11-bb5b-58ba2c642037}.Debug|Any CPU.ActiveCfg = Debug|Any CPU
		{d2590fe9-ca6f-7b11-bb5b-58ba2c642037}.Debug|Any CPU.Build.0 = Debug|Any CPU
		{8cada1b5-ea2d-3358-bf83-f6dcb4ce4418}.Debug|Any CPU.ActiveCfg = Debug|Any CPU
		{8cada1b5-ea2d-3358-bf83-f6dcb4ce4418}.Debug|Any CPU.Build.0 = Debug|Any CPU
		{af677ca9-30dd-be43-6d57-4a2ce8e19657}.Debug|Any CPU.ActiveCfg = Debug|Any CPU
		{af677ca9-30dd-be43-6d57-4a2ce8e19657}.Debug|Any CPU.Build.0 = Debug|Any CPU
		{68157096-ca92-f650-5f25-9c4be533f619}.Debug|Any CPU.ActiveCfg = Debug|Any CPU
		{68157096-ca92-f650-5f25-9c4be533f619}.Debug|Any CPU.Build.0 = Debug|Any CPU
		{06b14fee-83d6-2057-40c6-93504e0d1762}.Debug|Any CPU.ActiveCfg = Debug|Any CPU
		{06b14fee-83d6-2057-40c6-93504e0d1762}.Debug|Any CPU.Build.0 = Debug|Any CPU
	EndGlobalSection
	GlobalSection(SolutionProperties) = preSolution
		HideSolutionNode = FALSE
	EndGlobalSection
EndGlobal
